
Microsoft Visual Studio Solution File, Format Version 12.00
# Visual Studio Version 16
VisualStudioVersion = 16.0.31729.503
MinimumVisualStudioVersion = 10.0.40219.1
Project("{8BC9CEB8-8B4A-11D0-8D11-00A0C91BC942}") = "pta38", "pta38\pta38.vcxproj", "{3489FAAA-03D7-4D00-9B9C-88437AB88AE9}"
EndProject
Global
	GlobalSection(SolutionConfigurationPlatforms) = preSolution
		Debug|x64 = Debug|x64
		Debug|x86 = Debug|x86
		Release|x64 = Release|x64
		Release|x86 = Release|x86
	EndGlobalSection
	GlobalSection(ProjectConfigurationPlatforms) = postSolution
		{3489FAAA-03D7-4D00-9B9C-88437AB88AE9}.Debug|x64.ActiveCfg = Debug|x64
		{3489FAAA-03D7-4D00-9B9C-88437AB88AE9}.Debug|x64.Build.0 = Debug|x64
		{3489FAAA-03D7-4D00-9B9C-88437AB88AE9}.Debug|x86.ActiveCfg = Debug|Win32
		{3489FAAA-03D7-4D00-9B9C-88437AB88AE9}.Debug|x86.Build.0 = Debug|Win32
		{3489FAAA-03D7-4D00-9B9C-88437AB88AE9}.Release|x64.ActiveCfg = Release|x64
		{3489FAAA-03D7-4D00-9B9C-88437AB88AE9}.Release|x64.Build.0 = Release|x64
		{3489FAAA-03D7-4D00-9B9C-88437AB88AE9}.Release|x86.ActiveCfg = Release|Win32
		{3489FAAA-03D7-4D00-9B9C-88437AB88AE9}.Release|x86.Build.0 = Release|Win32
	EndGlobalSection
	GlobalSection(SolutionProperties) = preSolution
		HideSolutionNode = FALSE
	EndGlobalSection
	GlobalSection(ExtensibilityGlobals) = postSolution
		SolutionGuid = {2929F9F6-8E07-4C48-B964-12D4BEFFBEE3}
	EndGlobalSection
EndGlobal
