
Microsoft Visual Studio Solution File, Format Version 12.00
# Visual Studio Version 16
VisualStudioVersion = 16.0.31729.503
MinimumVisualStudioVersion = 10.0.40219.1
Project("{8BC9CEB8-8B4A-11D0-8D11-00A0C91BC942}") = "pta42", "pta42\pta42.vcxproj", "{F3B53125-66AF-4370-B230-9502C2F04F8B}"
EndProject
Global
	GlobalSection(SolutionConfigurationPlatforms) = preSolution
		Debug|x64 = Debug|x64
		Debug|x86 = Debug|x86
		Release|x64 = Release|x64
		Release|x86 = Release|x86
	EndGlobalSection
	GlobalSection(ProjectConfigurationPlatforms) = postSolution
		{F3B53125-66AF-4370-B230-9502C2F04F8B}.Debug|x64.ActiveCfg = Debug|x64
		{F3B53125-66AF-4370-B230-9502C2F04F8B}.Debug|x64.Build.0 = Debug|x64
		{F3B53125-66AF-4370-B230-9502C2F04F8B}.Debug|x86.ActiveCfg = Debug|Win32
		{F3B53125-66AF-4370-B230-9502C2F04F8B}.Debug|x86.Build.0 = Debug|Win32
		{F3B53125-66AF-4370-B230-9502C2F04F8B}.Release|x64.ActiveCfg = Release|x64
		{F3B53125-66AF-4370-B230-9502C2F04F8B}.Release|x64.Build.0 = Release|x64
		{F3B53125-66AF-4370-B230-9502C2F04F8B}.Release|x86.ActiveCfg = Release|Win32
		{F3B53125-66AF-4370-B230-9502C2F04F8B}.Release|x86.Build.0 = Release|Win32
	EndGlobalSection
	GlobalSection(SolutionProperties) = preSolution
		HideSolutionNode = FALSE
	EndGlobalSection
	GlobalSection(ExtensibilityGlobals) = postSolution
		SolutionGuid = {664FA72F-5C51-4AEC-838D-AFBED2E20D7B}
	EndGlobalSection
EndGlobal
